Microsoft Visual Studio Solution File, Format Version 12.00
# Visual Studio 2012
Project("{FAE04EC0-301F-11D3-BF4B-00C04F79EFBC}") = "Ctrmk", "Ctrmk.csproj", "{D0853FEF-C03B-4DAD-BC90-E4D4F6E23632}"
EndProject
Global
	GlobalSection(SolutionConfigurationPlatforms) = preSolution
	Debug|Any CPU = Debug|Any CPU
	ExportDebug|Any CPU = ExportDebug|Any CPU
	ExportRelease|Any CPU = ExportRelease|Any CPU
	EndGlobalSection
	GlobalSection(ProjectConfigurationPlatforms) = postSolution
		{D0853FEF-C03B-4DAD-BC90-E4D4F6E23632}.Debug|Any CPU.ActiveCfg = Debug|Any CPU
		{D0853FEF-C03B-4DAD-BC90-E4D4F6E23632}.Debug|Any CPU.Build.0 = Debug|Any CPU
		{D0853FEF-C03B-4DAD-BC90-E4D4F6E23632}.ExportDebug|Any CPU.ActiveCfg = ExportDebug|Any CPU
		{D0853FEF-C03B-4DAD-BC90-E4D4F6E23632}.ExportDebug|Any CPU.Build.0 = ExportDebug|Any CPU
		{D0853FEF-C03B-4DAD-BC90-E4D4F6E23632}.ExportRelease|Any CPU.ActiveCfg = ExportRelease|Any CPU
		{D0853FEF-C03B-4DAD-BC90-E4D4F6E23632}.ExportRelease|Any CPU.Build.0 = ExportRelease|Any CPU
	EndGlobalSection
EndGlobal
